<?xml version="1.0" encoding="utf-8"?>
<Project ToolsVersion="4.0" xmlns="http://schemas.microsoft.com/developer/msbuild/2003">
  <ItemGroup>
    <Filter Include="Source Files">
      <UniqueIdentifier>{4FC737F1-C7A5-4376-A066-2A32D752A2FF}</UniqueIdentifier>
      <Extensions>cpp;c;cc;cxx;def;odl;idl;hpj;bat;asm;asmx</Extensions>
    </Filter>
    <Filter Include="Header Files">
      <UniqueIdentifier>{93995380-89BD-4b04-88EB-625FBE52EBFB}</UniqueIdentifier>
      <Extensions>h;hh;hpp;hxx;hm;inl;inc;xsd</Extensions>
    </Filter>
    <Filter Include="Resource Files">
      <UniqueIdentifier>{67DA6AB6-F800-4c08-8B7A-83BB121AAD01}</UniqueIdentifier>
      <Extensions>rc;ico;cur;bmp;dlg;rc2;rct;bin;rgs;gif;jpg;jpeg;jpe;resx;tiff;tif;png;wav;mfcribbon-ms</Extensions>
    </Filter>
    <Filter Include="Observers">
      <UniqueIdentifier>{51e983ca-ddf9-4432-a804-5fb5dcdced43}</UniqueIdentifier>
    </Filter>
    <Filter Include="Input">
      <UniqueIdentifier>{be1ad071-ae33-437d-bb02-2d9e3191eb22}</UniqueIdentifier>
    </Filter>
    <Filter Include="Audio">
      <UniqueIdentifier>{61345403-ce47-4d34-af35-c8ea6293f8b6}</UniqueIdentifier>
    </Filter>
    <Filter Include="Components">
      <UniqueIdentifier>{09b58ffd-556f-462f-ae14-03ebb70f0828}</UniqueIdentifier>
    </Filter>
    <Filter Include="Platforms">
      <UniqueIdentifier>{3e60f8d2-ca3e-46ca-9a67-2832ed4025d1}</UniqueIdentifier>
    </Filter>
    <Filter Include="LevelFileReader">
      <UniqueIdentifier>{a843aa12-056f-401d-9231-68d56289dd98}</UniqueIdentifier>
    </Filter>
    <Filter Include="Components\MovementComponents">
      <UniqueIdentifier>{593c22f1-d164-4f35-aba0-ad680531f0d0}</UniqueIdentifier>
    </Filter>
    <Filter Include="CollisionChecker">
      <UniqueIdentifier>{446f6daf-1fe3-4f6e-bd8c-c2055f7ee9d5}</UniqueIdentifier>
    </Filter>
    <Filter Include="EnemyManager">
      <UniqueIdentifier>{18bb07a4-e2d6-4a16-b374-1f7e963d75e5}</UniqueIdentifier>
    </Filter>
  </ItemGroup>
  <ItemGroup>
    <ClInclude Include="MiniginPCH.h">
      <Filter>Header Files</Filter>
    </ClInclude>
    <ClInclude Include="Minigin.h">
      <Filter>Header Files</Filter>
    </ClInclude>
    <ClInclude Include="AnalogStickCommand.h">
      <Filter>Input</Filter>
    </ClInclude>
    <ClInclude Include="AnalogTriggerCommand.h">
      <Filter>Input</Filter>
    </ClInclude>
    <ClInclude Include="LivesObserver.h">
      <Filter>Observers</Filter>
    </ClInclude>
    <ClInclude Include="ScoreObserver.h">
      <Filter>Observers</Filter>
    </ClInclude>
    <ClInclude Include="AudioServiceProvider.h">
      <Filter>Audio</Filter>
    </ClInclude>
    <ClInclude Include="AudioLocator.h">
      <Filter>Audio</Filter>
    </ClInclude>
    <ClInclude Include="AudioNullService.h">
      <Filter>Audio</Filter>
    </ClInclude>
    <ClInclude Include="AudioService.h">
      <Filter>Audio</Filter>
    </ClInclude>
    <ClInclude Include="LevelComponent.h">
      <Filter>Components</Filter>
    </ClInclude>
    <ClInclude Include="CubePlatform.h">
      <Filter>Platforms</Filter>
    </ClInclude>
    <ClInclude Include="Commands.h">
      <Filter>Input</Filter>
    </ClInclude>
    <ClInclude Include="DiscPlatform.h">
      <Filter>Platforms</Filter>
    </ClInclude>
    <ClInclude Include="LevelFileReader.h">
      <Filter>LevelFileReader</Filter>
    </ClInclude>
    <ClInclude Include="BaseMovementComponent.h">
      <Filter>Components\MovementComponents</Filter>
    </ClInclude>
    <ClInclude Include="EnemyMovementComponent.h">
      <Filter>Components\MovementComponents</Filter>
    </ClInclude>
    <ClInclude Include="QbertMovementComponent.h">
      <Filter>Components\MovementComponents</Filter>
    </ClInclude>
    <ClInclude Include="CollisionCheckManager.h">
      <Filter>CollisionChecker</Filter>
    </ClInclude>
    <ClInclude Include="EnemyManager.h">
      <Filter>EnemyManager</Filter>
    </ClInclude>
  </ItemGroup>
  <ItemGroup>
    <ClCompile Include="MiniginPCH.cpp">
      <Filter>Source Files</Filter>
    </ClCompile>
    <ClCompile Include="Main.cpp">
      <Filter>Source Files</Filter>
    </ClCompile>
    <ClCompile Include="Minigin.cpp">
      <Filter>Source Files</Filter>
    </ClCompile>
    <ClCompile Include="LivesObserver.cpp">
      <Filter>Observers</Filter>
    </ClCompile>
    <ClCompile Include="ScoreObserver.cpp">
      <Filter>Observers</Filter>
    </ClCompile>
    <ClCompile Include="AudioServiceProvider.cpp">
      <Filter>Audio</Filter>
    </ClCompile>
    <ClCompile Include="LevelComponent.cpp">
      <Filter>Components</Filter>
    </ClCompile>
    <ClCompile Include="CubePlatform.cpp">
      <Filter>Platforms</Filter>
    </ClCompile>
    <ClCompile Include="DiscPlatform.cpp">
      <Filter>Platforms</Filter>
    </ClCompile>
    <ClCompile Include="LevelFileReader.cpp">
      <Filter>LevelFileReader</Filter>
    </ClCompile>
    <ClCompile Include="BaseMovementComponent.cpp">
      <Filter>Components\MovementComponents</Filter>
    </ClCompile>
    <ClCompile Include="EnemyMovementComponent.cpp">
      <Filter>Components\MovementComponents</Filter>
    </ClCompile>
    <ClCompile Include="QbertMovementComponent.cpp">
      <Filter>Components\MovementComponents</Filter>
    </ClCompile>
    <ClCompile Include="CollisionCheckManager.cpp">
      <Filter>CollisionChecker</Filter>
    </ClCompile>
    <ClCompile Include="EnemyManager.cpp">
      <Filter>EnemyManager</Filter>
    </ClCompile>
  </ItemGroup>
</Project>